
Microsoft Visual Studio Solution File, Format Version 12.00
# Visual Studio Version 16
VisualStudioVersion = 16.0.30711.63
MinimumVisualStudioVersion = 10.0.40219.1
Project("{FAE04EC0-301F-11D3-BF4B-00C04F79EFBC}") = "Fazendinha", "Fazendinha\Fazendinha.csproj", "{31CAB7FA-F0E9-443C-B78E-5DA1EDC1E940}"
EndProject
Global
	GlobalSection(SolutionConfigurationPlatforms) = preSolution
		Debug|Any CPU = Debug|Any CPU
		Release|Any CPU = Release|Any CPU
	EndGlobalSection
	GlobalSection(ProjectConfigurationPlatforms) = postSolution
		{31CAB7FA-F0E9-443C-B78E-5DA1EDC1E940}.Debug|Any CPU.ActiveCfg = Debug|Any CPU
		{31CAB7FA-F0E9-443C-B78E-5DA1EDC1E940}.Debug|Any CPU.Build.0 = Debug|Any CPU
		{31CAB7FA-F0E9-443C-B78E-5DA1EDC1E940}.Release|Any CPU.ActiveCfg = Release|Any CPU
		{31CAB7FA-F0E9-443C-B78E-5DA1EDC1E940}.Release|Any CPU.Build.0 = Release|Any CPU
	EndGlobalSection
	GlobalSection(SolutionProperties) = preSolution
		HideSolutionNode = FALSE
	EndGlobalSection
	GlobalSection(ExtensibilityGlobals) = postSolution
		SolutionGuid = {11BF37B7-C90F-44C2-B1A7-85988154D278}
	EndGlobalSection
EndGlobal
